
Microsoft Visual Studio Solution File, Format Version 12.00
# Visual Studio Version 16
VisualStudioVersion = 16.0.31410.357
MinimumVisualStudioVersion = 10.0.40219.1
Project("{FAE04EC0-301F-11D3-BF4B-00C04F79EFBC}") = "Projekt", "Projekt\Projekt.csproj", "{F670E431-76C3-4224-9F4E-34C72A288CF1}"
EndProject
Global
	GlobalSection(SolutionConfigurationPlatforms) = preSolution
		Debug|Any CPU = Debug|Any CPU
		Release|Any CPU = Release|Any CPU
	EndGlobalSection
	GlobalSection(ProjectConfigurationPlatforms) = postSolution
		{F670E431-76C3-4224-9F4E-34C72A288CF1}.Debug|Any CPU.ActiveCfg = Debug|Any CPU
		{F670E431-76C3-4224-9F4E-34C72A288CF1}.Debug|Any CPU.Build.0 = Debug|Any CPU
		{F670E431-76C3-4224-9F4E-34C72A288CF1}.Release|Any CPU.ActiveCfg = Release|Any CPU
		{F670E431-76C3-4224-9F4E-34C72A288CF1}.Release|Any CPU.Build.0 = Release|Any CPU
	EndGlobalSection
	GlobalSection(SolutionProperties) = preSolution
		HideSolutionNode = FALSE
	EndGlobalSection
	GlobalSection(ExtensibilityGlobals) = postSolution
		SolutionGuid = {4C38A085-1B7E-4F18-86B0-9BE0904B2C43}
	EndGlobalSection
EndGlobal
